
Microsoft Visual Studio Solution File, Format Version 12.00
# Visual Studio Version 17
VisualStudioVersion = 17.14.35906.104 d17.14
MinimumVisualStudioVersion = 10.0.40219.1
Project("{FAE04EC0-301F-11D3-BF4B-00C04F79EFBC}") = "HospitalManagementSystem", "HospitalManagementSystem\HospitalManagementSystem.csproj", "{3BF9F087-9336-45B1-A690-253925072E9B}"
EndProject
Global
	GlobalSection(SolutionConfigurationPlatforms) = preSolution
		Debug|Any CPU = Debug|Any CPU
		Release|Any CPU = Release|Any CPU
	EndGlobalSection
	GlobalSection(ProjectConfigurationPlatforms) = postSolution
		{3BF9F087-9336-45B1-A690-253925072E9B}.Debug|Any CPU.ActiveCfg = Debug|Any CPU
		{3BF9F087-9336-45B1-A690-253925072E9B}.Debug|Any CPU.Build.0 = Debug|Any CPU
		{3BF9F087-9336-45B1-A690-253925072E9B}.Release|Any CPU.ActiveCfg = Release|Any CPU
		{3BF9F087-9336-45B1-A690-253925072E9B}.Release|Any CPU.Build.0 = Release|Any CPU
	EndGlobalSection
	GlobalSection(SolutionProperties) = preSolution
		HideSolutionNode = FALSE
	EndGlobalSection
	GlobalSection(ExtensibilityGlobals) = postSolution
		SolutionGuid = {729F3AE4-2CDC-4429-B8BF-5CD890CCC126}
	EndGlobalSection
EndGlobal
